// !$*UTF8*$!
{
	archiveVersion = 1;
	classes = {
	};
	objectVersion = 55;
	objects = {

/* Begin PBXBuildFile section */
		39B6A724279AF3F600F0DFE2 /* AppDelegate.swift in Sources */ = {isa = PBXBuildFile; fileRef = 39B6A723279AF3F600F0DFE2 /* AppDelegate.swift */; };
		39B6A726279AF3F600F0DFE2 /* SceneDelegate.swift in Sources */ = {isa = PBXBuildFile; fileRef = 39B6A725279AF3F600F0DFE2 /* SceneDelegate.swift */; };
		39B6A728279AF3F600F0DFE2 /* SetupViewController.swift in Sources */ = {isa = PBXBuildFile; fileRef = 39B6A727279AF3F600F0DFE2 /* SetupViewController.swift */; };
		39B6A72B279AF3F600F0DFE2 /* Main.storyboard in Resources */ = {isa = PBXBuildFile; fileRef = 39B6A729279AF3F600F0DFE2 /* Main.storyboard */; };
		39B6A72D279AF3F900F0DFE2 /* Assets.xcassets in Resources */ = {isa = PBXBuildFile; fileRef = 39B6A72C279AF3F900F0DFE2 /* Assets.xcassets */; };
		39B6A730279AF3F900F0DFE2 /* LaunchScreen.storyboard in Resources */ = {isa = PBXBuildFile; fileRef = 39B6A72E279AF3F900F0DFE2 /* LaunchScreen.storyboard */; };
		6D6E20ED279B1AFA0067DC2F /* SetupView.swift in Sources */ = {isa = PBXBuildFile; fileRef = 6D6E20EC279B1AFA0067DC2F /* SetupView.swift */; };
		6D6E20EF279B1B2D0067DC2F /* CellModel.swift in Sources */ = {isa = PBXBuildFile; fileRef = 6D6E20EE279B1B2D0067DC2F /* CellModel.swift */; };
		6D6E20F1279B1B770067DC2F /* SettingCellModel.swift in Sources */ = {isa = PBXBuildFile; fileRef = 6D6E20F0279B1B770067DC2F /* SettingCellModel.swift */; };
		6D6E20F7279B457C0067DC2F /* SearchExtension.swift in Sources */ = {isa = PBXBuildFile; fileRef = 6D6E20F6279B457C0067DC2F /* SearchExtension.swift */; };
		6D6E20F9279B46950067DC2F /* SetupViewControllerDataSource.swift in Sources */ = {isa = PBXBuildFile; fileRef = 6D6E20F8279B46950067DC2F /* SetupViewControllerDataSource.swift */; };
		6D6E20FB279B49270067DC2F /* SetCellStyle.swift in Sources */ = {isa = PBXBuildFile; fileRef = 6D6E20FA279B49270067DC2F /* SetCellStyle.swift */; };
		6D6E20FD279B4CF70067DC2F /* etupViewControllerDelegate.swift in Sources */ = {isa = PBXBuildFile; fileRef = 6D6E20FC279B4CF70067DC2F /* etupViewControllerDelegate.swift */; };
		6D6E2104279BD13C0067DC2F /* WiFiView.swift in Sources */ = {isa = PBXBuildFile; fileRef = 6D6E2103279BD13C0067DC2F /* WiFiView.swift */; };
		6D6E2106279BD14C0067DC2F /* WiFiModel.swift in Sources */ = {isa = PBXBuildFile; fileRef = 6D6E2105279BD14C0067DC2F /* WiFiModel.swift */; };
		6D6E2108279BD17B0067DC2F /* WiFiViewController.swift in Sources */ = {isa = PBXBuildFile; fileRef = 6D6E2107279BD17B0067DC2F /* WiFiViewController.swift */; };
/* End PBXBuildFile section */

/* Begin PBXFileReference section */
		39B6A720279AF3F600F0DFE2 /* HW14.app */ = {isa = PBXFileReference; explicitFileType = wrapper.application; includeInIndex = 0; path = HW14.app; sourceTree = BUILT_PRODUCTS_DIR; };
		39B6A723279AF3F600F0DFE2 /* AppDelegate.swift */ = {isa = PBXFileReference; lastKnownFileType = sourcecode.swift; path = AppDelegate.swift; sourceTree = "<group>"; };
		39B6A725279AF3F600F0DFE2 /* SceneDelegate.swift */ = {isa = PBXFileReference; lastKnownFileType = sourcecode.swift; path = SceneDelegate.swift; sourceTree = "<group>"; };
		39B6A727279AF3F600F0DFE2 /* SetupViewController.swift */ = {isa = PBXFileReference; lastKnownFileType = sourcecode.swift; path = SetupViewController.swift; sourceTree = "<group>"; };
		39B6A72A279AF3F600F0DFE2 /* Base */ = {isa = PBXFileReference; lastKnownFileType = file.storyboard; name = Base; path = Base.lproj/Main.storyboard; sourceTree = "<group>"; };
		39B6A72C279AF3F900F0DFE2 /* Assets.xcassets */ = {isa = PBXFileReference; lastKnownFileType = folder.assetcatalog; path = Assets.xcassets; sourceTree = "<group>"; };
		39B6A72F279AF3F900F0DFE2 /* Base */ = {isa = PBXFileReference; lastKnownFileType = file.storyboard; name = Base; path = Base.lproj/LaunchScreen.storyboard; sourceTree = "<group>"; };
		39B6A731279AF3F900F0DFE2 /* Info.plist */ = {isa = PBXFileReference; lastKnownFileType = text.plist.xml; path = Info.plist; sourceTree = "<group>"; };
		6D6E20EC279B1AFA0067DC2F /* SetupView.swift */ = {isa = PBXFileReference; lastKnownFileType = sourcecode.swift; path = SetupView.swift; sourceTree = "<group>"; };
		6D6E20EE279B1B2D0067DC2F /* CellModel.swift */ = {isa = PBXFileReference; lastKnownFileType = sourcecode.swift; path = CellModel.swift; sourceTree = "<group>"; };
		6D6E20F0279B1B770067DC2F /* SettingCellModel.swift */ = {isa = PBXFileReference; lastKnownFileType = sourcecode.swift; path = SettingCellModel.swift; sourceTree = "<group>"; };
		6D6E20F6279B457C0067DC2F /* SearchExtension.swift */ = {isa = PBXFileReference; lastKnownFileType = sourcecode.swift; path = SearchExtension.swift; sourceTree = "<group>"; };
		6D6E20F8279B46950067DC2F /* SetupViewControllerDataSource.swift */ = {isa = PBXFileReference; lastKnownFileType = sourcecode.swift; path = SetupViewControllerDataSource.swift; sourceTree = "<group>"; };
		6D6E20FA279B49270067DC2F /* SetCellStyle.swift */ = {isa = PBXFileReference; lastKnownFileType = sourcecode.swift; path = SetCellStyle.swift; sourceTree = "<group>"; };
		6D6E20FC279B4CF70067DC2F /* etupViewControllerDelegate.swift */ = {isa = PBXFileReference; lastKnownFileType = sourcecode.swift; path = etupViewControllerDelegate.swift; sourceTree = "<group>"; };
		6D6E2103279BD13C0067DC2F /* WiFiView.swift */ = {isa = PBXFileReference; lastKnownFileType = sourcecode.swift; path = WiFiView.swift; sourceTree = "<group>"; };
		6D6E2105279BD14C0067DC2F /* WiFiModel.swift */ = {isa = PBXFileReference; lastKnownFileType = sourcecode.swift; path = WiFiModel.swift; sourceTree = "<group>"; };
		6D6E2107279BD17B0067DC2F /* WiFiViewController.swift */ = {isa = PBXFileReference; lastKnownFileType = sourcecode.swift; path = WiFiViewController.swift; sourceTree = "<group>"; };
/* End PBXFileReference section */

/* Begin PBXFrameworksBuildPhase section */
		39B6A71D279AF3F600F0DFE2 /* Frameworks */ = {
			isa = PBXFrameworksBuildPhase;
			buildActionMask = 2147483647;
			files = (
			);
			runOnlyForDeploymentPostprocessing = 0;
		};
/* End PBXFrameworksBuildPhase section */

/* Begin PBXGroup section */
		39B6A717279AF3F600F0DFE2 = {
			isa = PBXGroup;
			children = (
				39B6A722279AF3F600F0DFE2 /* HW14 */,
				39B6A721279AF3F600F0DFE2 /* Products */,
			);
			sourceTree = "<group>";
		};
		39B6A721279AF3F600F0DFE2 /* Products */ = {
			isa = PBXGroup;
			children = (
				39B6A720279AF3F600F0DFE2 /* HW14.app */,
			);
			name = Products;
			sourceTree = "<group>";
		};
		39B6A722279AF3F600F0DFE2 /* HW14 */ = {
			isa = PBXGroup;
			children = (
				6D6E20E7279B1A490067DC2F /* Sources */,
				6D6E20E6279B1A330067DC2F /* Resources */,
			);
			path = HW14;
			sourceTree = "<group>";
		};
		6D6E20E6279B1A330067DC2F /* Resources */ = {
			isa = PBXGroup;
			children = (
				39B6A729279AF3F600F0DFE2 /* Main.storyboard */,
				39B6A72C279AF3F900F0DFE2 /* Assets.xcassets */,
				39B6A72E279AF3F900F0DFE2 /* LaunchScreen.storyboard */,
				39B6A731279AF3F900F0DFE2 /* Info.plist */,
			);
			path = Resources;
			sourceTree = "<group>";
		};
		6D6E20E7279B1A490067DC2F /* Sources */ = {
			isa = PBXGroup;
			children = (
				6D6E20F5279B45670067DC2F /* Extension */,
				6D6E20E8279B1A5A0067DC2F /* App */,
				6D6E20FE279B50210067DC2F /* SetupView */,
				6D6E20FF279B50490067DC2F /* WiFiView */,
			);
			path = Sources;
			sourceTree = "<group>";
		};
		6D6E20E8279B1A5A0067DC2F /* App */ = {
			isa = PBXGroup;
			children = (
				39B6A723279AF3F600F0DFE2 /* AppDelegate.swift */,
				39B6A725279AF3F600F0DFE2 /* SceneDelegate.swift */,
			);
			path = App;
			sourceTree = "<group>";
		};
		6D6E20E9279B1A700067DC2F /* Controller */ = {
			isa = PBXGroup;
			children = (
				39B6A727279AF3F600F0DFE2 /* SetupViewController.swift */,
				6D6E20F8279B46950067DC2F /* SetupViewControllerDataSource.swift */,
				6D6E20FC279B4CF70067DC2F /* etupViewControllerDelegate.swift */,
			);
			path = Controller;
			sourceTree = "<group>";
		};
		6D6E20EA279B1A810067DC2F /* Model */ = {
			isa = PBXGroup;
			children = (
				6D6E20EE279B1B2D0067DC2F /* CellModel.swift */,
				6D6E20F0279B1B770067DC2F /* SettingCellModel.swift */,
			);
			path = Model;
			sourceTree = "<group>";
		};
		6D6E20EB279B1A8D0067DC2F /* View */ = {
			isa = PBXGroup;
			children = (
				6D6E20EC279B1AFA0067DC2F /* SetupView.swift */,
			);
			path = View;
			sourceTree = "<group>";
		};
		6D6E20F5279B45670067DC2F /* Extension */ = {
			isa = PBXGroup;
			children = (
				6D6E20F6279B457C0067DC2F /* SearchExtension.swift */,
				6D6E20FA279B49270067DC2F /* SetCellStyle.swift */,
			);
			path = Extension;
			sourceTree = "<group>";
		};
		6D6E20FE279B50210067DC2F /* SetupView */ = {
			isa = PBXGroup;
			children = (
				6D6E20E9279B1A700067DC2F /* Controller */,
				6D6E20EB279B1A8D0067DC2F /* View */,
				6D6E20EA279B1A810067DC2F /* Model */,
			);
			path = SetupView;
			sourceTree = "<group>";
		};
		6D6E20FF279B50490067DC2F /* WiFiView */ = {
			isa = PBXGroup;
			children = (
				6D6E2102279B50B90067DC2F /* Controller */,
				6D6E2101279B50B00067DC2F /* View */,
				6D6E2100279B50990067DC2F /* Model */,
			);
			path = WiFiView;
			sourceTree = "<group>";
		};
		6D6E2100279B50990067DC2F /* Model */ = {
			isa = PBXGroup;
			children = (
				6D6E2105279BD14C0067DC2F /* WiFiModel.swift */,
			);
			path = Model;
			sourceTree = "<group>";
		};
		6D6E2101279B50B00067DC2F /* View */ = {
			isa = PBXGroup;
			children = (
				6D6E2103279BD13C0067DC2F /* WiFiView.swift */,
			);
			path = View;
			sourceTree = "<group>";
		};
		6D6E2102279B50B90067DC2F /* Controller */ = {
			isa = PBXGroup;
			children = (
				6D6E2107279BD17B0067DC2F /* WiFiViewController.swift */,
			);
			path = Controller;
			sourceTree = "<group>";
		};
/* End PBXGroup section */

/* Begin PBXNativeTarget section */
		39B6A71F279AF3F600F0DFE2 /* HW14 */ = {
			isa = PBXNativeTarget;
			buildConfigurationList = 39B6A734279AF3F900F0DFE2 /* Build configuration list for PBXNativeTarget "HW14" */;
			buildPhases = (
				39B6A71C279AF3F600F0DFE2 /* Sources */,
				39B6A71D279AF3F600F0DFE2 /* Frameworks */,
				39B6A71E279AF3F600F0DFE2 /* Resources */,
			);
			buildRules = (
			);
			dependencies = (
			);
			name = HW14;
			productName = HW14;
			productReference = 39B6A720279AF3F600F0DFE2 /* HW14.app */;
			productType = "com.apple.product-type.application";
		};
/* End PBXNativeTarget section */

/* Begin PBXProject section */
		39B6A718279AF3F600F0DFE2 /* Project object */ = {
			isa = PBXProject;
			attributes = {
				BuildIndependentTargetsInParallel = 1;
				LastSwiftUpdateCheck = 1320;
				LastUpgradeCheck = 1320;
				TargetAttributes = {
					39B6A71F279AF3F600F0DFE2 = {
						CreatedOnToolsVersion = 13.2.1;
					};
				};
			};
			buildConfigurationList = 39B6A71B279AF3F600F0DFE2 /* Build configuration list for PBXProject "HW14" */;
			compatibilityVersion = "Xcode 13.0";
			developmentRegion = en;
			hasScannedForEncodings = 0;
			knownRegions = (
				en,
				Base,
			);
			mainGroup = 39B6A717279AF3F600F0DFE2;
			productRefGroup = 39B6A721279AF3F600F0DFE2 /* Products */;
			projectDirPath = "";
			projectRoot = "";
			targets = (
				39B6A71F279AF3F600F0DFE2 /* HW14 */,
			);
		};
/* End PBXProject section */

/* Begin PBXResourcesBuildPhase section */
		39B6A71E279AF3F600F0DFE2 /* Resources */ = {
			isa = PBXResourcesBuildPhase;
			buildActionMask = 2147483647;
			files = (
				39B6A730279AF3F900F0DFE2 /* LaunchScreen.storyboard in Resources */,
				39B6A72D279AF3F900F0DFE2 /* Assets.xcassets in Resources */,
				39B6A72B279AF3F600F0DFE2 /* Main.storyboard in Resources */,
			);
			runOnlyForDeploymentPostprocessing = 0;
		};
/* End PBXResourcesBuildPhase section */

/* Begin PBXSourcesBuildPhase section */
		39B6A71C279AF3F600F0DFE2 /* Sources */ = {
			isa = PBXSourcesBuildPhase;
			buildActionMask = 2147483647;
			files = (
				6D6E20F1279B1B770067DC2F /* SettingCellModel.swift in Sources */,
				6D6E2108279BD17B0067DC2F /* WiFiViewController.swift in Sources */,
				6D6E20F9279B46950067DC2F /* SetupViewControllerDataSource.swift in Sources */,
				6D6E20FB279B49270067DC2F /* SetCellStyle.swift in Sources */,
				6D6E2104279BD13C0067DC2F /* WiFiView.swift in Sources */,
				39B6A728279AF3F600F0DFE2 /* SetupViewController.swift in Sources */,
				6D6E20F7279B457C0067DC2F /* SearchExtension.swift in Sources */,
				6D6E2106279BD14C0067DC2F /* WiFiModel.swift in Sources */,
				39B6A724279AF3F600F0DFE2 /* AppDelegate.swift in Sources */,
				6D6E20ED279B1AFA0067DC2F /* SetupView.swift in Sources */,
				6D6E20EF279B1B2D0067DC2F /* CellModel.swift in Sources */,
				6D6E20FD279B4CF70067DC2F /* etupViewControllerDelegate.swift in Sources */,
				39B6A726279AF3F600F0DFE2 /* SceneDelegate.swift in Sources */,
			);
			runOnlyForDeploymentPostprocessing = 0;
		};
/* End PBXSourcesBuildPhase section */

/* Begin PBXVariantGroup section */
		39B6A729279AF3F600F0DFE2 /* Main.storyboard */ = {
			isa = PBXVariantGroup;
			children = (
				39B6A72A279AF3F600F0DFE2 /* Base */,
			);
			name = Main.storyboard;
			sourceTree = "<group>";
		};
		39B6A72E279AF3F900F0DFE2 /* LaunchScreen.storyboard */ = {
			isa = PBXVariantGroup;
			children = (
				39B6A72F279AF3F900F0DFE2 /* Base */,
			);
			name = LaunchScreen.storyboard;
			sourceTree = "<group>";
		};
/* End PBXVariantGroup section */

/* Begin XCBuildConfiguration section */
		39B6A732279AF3F900F0DFE2 /* Debug */ = {
			isa = XCBuildConfiguration;
			buildSettings = {
				ALWAYS_SEARCH_USER_PATHS = NO;
				CLANG_ANALYZER_NONNULL = YES;
				CLANG_ANALYZER_NUMBER_OBJECT_CONVERSION = YES_AGGRESSIVE;
				CLANG_CXX_LANGUAGE_STANDARD = "gnu++17";
				CLANG_CXX_LIBRARY = "libc++";
				CLANG_ENABLE_MODULES = YES;
				CLANG_ENABLE_OBJC_ARC = YES;
				CLANG_ENABLE_OBJC_WEAK = YES;
				CLANG_WARN_BLOCK_CAPTURE_AUTORELEASING = YES;
				CLANG_WARN_BOOL_CONVERSION = YES;
				CLANG_WARN_COMMA = YES;
				CLANG_WARN_CONSTANT_CONVERSION = YES;
				CLANG_WARN_DEPRECATED_OBJC_IMPLEMENTATIONS = YES;
				CLANG_WARN_DIRECT_OBJC_ISA_USAGE = YES_ERROR;
				CLANG_WARN_DOCUMENTATION_COMMENTS = YES;
				CLANG_WARN_EMPTY_BODY = YES;
				CLANG_WARN_ENUM_CONVERSION = YES;
				CLANG_WARN_INFINITE_RECURSION = YES;
				CLANG_WARN_INT_CONVERSION = YES;
				CLANG_WARN_NON_LITERAL_NULL_CONVERSION = YES;
				CLANG_WARN_OBJC_IMPLICIT_RETAIN_SELF = YES;
				CLANG_WARN_OBJC_LITERAL_CONVERSION = YES;
				CLANG_WARN_OBJC_ROOT_CLASS = YES_ERROR;
				CLANG_WARN_QUOTED_INCLUDE_IN_FRAMEWORK_HEADER = YES;
				CLANG_WARN_RANGE_LOOP_ANALYSIS = YES;
				CLANG_WARN_STRICT_PROTOTYPES = YES;
				CLANG_WARN_SUSPICIOUS_MOVE = YES;
				CLANG_WARN_UNGUARDED_AVAILABILITY = YES_AGGRESSIVE;
				CLANG_WARN_UNREACHABLE_CODE = YES;
				CLANG_WARN__DUPLICATE_METHOD_MATCH = YES;
				COPY_PHASE_STRIP = NO;
				DEBUG_INFORMATION_FORMAT = dwarf;
				ENABLE_STRICT_OBJC_MSGSEND = YES;
				ENABLE_TESTABILITY = YES;
				GCC_C_LANGUAGE_STANDARD = gnu11;
				GCC_DYNAMIC_NO_PIC = NO;
				GCC_NO_COMMON_BLOCKS = YES;
				GCC_OPTIMIZATION_LEVEL = 0;
				GCC_PREPROCESSOR_DEFINITIONS = (
					"DEBUG=1",
					"$(inherited)",
				);
				GCC_WARN_64_TO_32_BIT_CONVERSION = YES;
				GCC_WARN_ABOUT_RETURN_TYPE = YES_ERROR;
				GCC_WARN_UNDECLARED_SELECTOR = YES;
				GCC_WARN_UNINITIALIZED_AUTOS = YES_AGGRESSIVE;
				GCC_WARN_UNUSED_FUNCTION = YES;
				GCC_WARN_UNUSED_VARIABLE = YES;
				IPHONEOS_DEPLOYMENT_TARGET = 15.2;
				MTL_ENABLE_DEBUG_INFO = INCLUDE_SOURCE;
				MTL_FAST_MATH = YES;
				ONLY_ACTIVE_ARCH = YES;
				SDKROOT = iphoneos;
				SWIFT_ACTIVE_COMPILATION_CONDITIONS = DEBUG;
				SWIFT_OPTIMIZATION_LEVEL = "-Onone";
			};
			name = Debug;
		};
		39B6A733279AF3F900F0DFE2 /* Release */ = {
			isa = XCBuildConfiguration;
			buildSettings = {
				ALWAYS_SEARCH_USER_PATHS = NO;
				CLANG_ANALYZER_NONNULL = YES;
				CLANG_ANALYZER_NUMBER_OBJECT_CONVERSION = YES_AGGRESSIVE;
				CLANG_CXX_LANGUAGE_STANDARD = "gnu++17";
				CLANG_CXX_LIBRARY = "libc++";
				CLANG_ENABLE_MODULES = YES;
				CLANG_ENABLE_OBJC_ARC = YES;
				CLANG_ENABLE_OBJC_WEAK = YES;
				CLANG_WARN_BLOCK_CAPTURE_AUTORELEASING = YES;
				CLANG_WARN_BOOL_CONVERSION = YES;
				CLANG_WARN_COMMA = YES;
				CLANG_WARN_CONSTANT_CONVERSION = YES;
				CLANG_WARN_DEPRECATED_OBJC_IMPLEMENTATIONS = YES;
				CLANG_WARN_DIRECT_OBJC_ISA_USAGE = YES_ERROR;
				CLANG_WARN_DOCUMENTATION_COMMENTS = YES;
				CLANG_WARN_EMPTY_BODY = YES;
				CLANG_WARN_ENUM_CONVERSION = YES;
				CLANG_WARN_INFINITE_RECURSION = YES;
				CLANG_WARN_INT_CONVERSION = YES;
				CLANG_WARN_NON_LITERAL_NULL_CONVERSION = YES;
				CLANG_WARN_OBJC_IMPLICIT_RETAIN_SELF = YES;
				CLANG_WARN_OBJC_LITERAL_CONVERSION = YES;
				CLANG_WARN_OBJC_ROOT_CLASS = YES_ERROR;
				CLANG_WARN_QUOTED_INCLUDE_IN_FRAMEWORK_HEADER = YES;
				CLANG_WARN_RANGE_LOOP_ANALYSIS = YES;
				CLANG_WARN_STRICT_PROTOTYPES = YES;
				CLANG_WARN_SUSPICIOUS_MOVE = YES;
				CLANG_WARN_UNGUARDED_AVAILABILITY = YES_AGGRESSIVE;
				CLANG_WARN_UNREACHABLE_CODE = YES;
				CLANG_WARN__DUPLICATE_METHOD_MATCH = YES;
				COPY_PHASE_STRIP = NO;
				DEBUG_INFORMATION_FORMAT = "dwarf-with-dsym";
				ENABLE_NS_ASSERTIONS = NO;
				ENABLE_STRICT_OBJC_MSGSEND = YES;
				GCC_C_LANGUAGE_STANDARD = gnu11;
				GCC_NO_COMMON_BLOCKS = YES;
				GCC_WARN_64_TO_32_BIT_CONVERSION = YES;
				GCC_WARN_ABOUT_RETURN_TYPE = YES_ERROR;
				GCC_WARN_UNDECLARED_SELECTOR = YES;
				GCC_WARN_UNINITIALIZED_AUTOS = YES_AGGRESSIVE;
				GCC_WARN_UNUSED_FUNCTION = YES;
				GCC_WARN_UNUSED_VARIABLE = YES;
				IPHONEOS_DEPLOYMENT_TARGET = 15.2;
				MTL_ENABLE_DEBUG_INFO = NO;
				MTL_FAST_MATH = YES;
				SDKROOT = iphoneos;
				SWIFT_COMPILATION_MODE = wholemodule;
				SWIFT_OPTIMIZATION_LEVEL = "-O";
				VALIDATE_PRODUCT = YES;
			};
			name = Release;
		};
		39B6A735279AF3F900F0DFE2 /* Debug */ = {
			isa = XCBuildConfiguration;
			buildSettings = {
				ASSETCATALOG_COMPILER_APPICON_NAME = AppIcon;
				ASSETCATALOG_COMPILER_GLOBAL_ACCENT_COLOR_NAME = AccentColor;
				CODE_SIGN_STYLE = Automatic;
				CURRENT_PROJECT_VERSION = 1;
				DEVELOPMENT_TEAM = ZB4T6SD8SN;
				GENERATE_INFOPLIST_FILE = YES;
				INFOPLIST_FILE = HW14/Resources/Info.plist;
				INFOPLIST_KEY_UIApplicationSupportsIndirectInputEvents = YES;
				INFOPLIST_KEY_UILaunchStoryboardName = LaunchScreen;
				INFOPLIST_KEY_UIMainStoryboardFile = Main;
				INFOPLIST_KEY_UISupportedInterfaceOrientations_iPad = "UIInterfaceOrientationPortrait UIInterfaceOrientationPortraitUpsideDown UIInterfaceOrientationLandscapeLeft UIInterfaceOrientationLandscapeRight";
				INFOPLIST_KEY_UISupportedInterfaceOrientations_iPhone = "UIInterfaceOrientationPortrait UIInterfaceOrientationLandscapeLeft UIInterfaceOrientationLandscapeRight";
				LD_RUNPATH_SEARCH_PATHS = (
					"$(inherited)",
					"@executable_path/Frameworks",
				);
				MARKETING_VERSION = 1.0;
				PRODUCT_BUNDLE_IDENTIFIER = "Petrik-s-programing.HW14";
				PRODUCT_NAME = "$(TARGET_NAME)";
				SWIFT_EMIT_LOC_STRINGS = YES;
				SWIFT_VERSION = 5.0;
				TARGETED_DEVICE_FAMILY = "1,2";
			};
			name = Debug;
		};
		39B6A736279AF3F900F0DFE2 /* Release */ = {
			isa = XCBuildConfiguration;
			buildSettings = {
				ASSETCATALOG_COMPILER_APPICON_NAME = AppIcon;
				ASSETCATALOG_COMPILER_GLOBAL_ACCENT_COLOR_NAME = AccentColor;
				CODE_SIGN_STYLE = Automatic;
				CURRENT_PROJECT_VERSION = 1;
				DEVELOPMENT_TEAM = ZB4T6SD8SN;
				GENERATE_INFOPLIST_FILE = YES;
				INFOPLIST_FILE = HW14/Resources/Info.plist;
				INFOPLIST_KEY_UIApplicationSupportsIndirectInputEvents = YES;
				INFOPLIST_KEY_UILaunchStoryboardName = LaunchScreen;
				INFOPLIST_KEY_UIMainStoryboardFile = Main;
				INFOPLIST_KEY_UISupportedInterfaceOrientations_iPad = "UIInterfaceOrientationPortrait UIInterfaceOrientationPortraitUpsideDown UIInterfaceOrientationLandscapeLeft UIInterfaceOrientationLandscapeRight";
				INFOPLIST_KEY_UISupportedInterfaceOrientations_iPhone = "UIInterfaceOrientationPortrait UIInterfaceOrientationLandscapeLeft UIInterfaceOrientationLandscapeRight";
				LD_RUNPATH_SEARCH_PATHS = (
					"$(inherited)",
					"@executable_path/Frameworks",
				);
				MARKETING_VERSION = 1.0;
				PRODUCT_BUNDLE_IDENTIFIER = "Petrik-s-programing.HW14";
				PRODUCT_NAME = "$(TARGET_NAME)";
				SWIFT_EMIT_LOC_STRINGS = YES;
				SWIFT_VERSION = 5.0;
				TARGETED_DEVICE_FAMILY = "1,2";
			};
			name = Release;
		};
/* End XCBuildConfiguration section */

/* Begin XCConfigurationList section */
		39B6A71B279AF3F600F0DFE2 /* Build configuration list for PBXProject "HW14" */ = {
			isa = XCConfigurationList;
			buildConfigurations = (
				39B6A732279AF3F900F0DFE2 /* Debug */,
				39B6A733279AF3F900F0DFE2 /* Release */,
			);
			defaultConfigurationIsVisible = 0;
			defaultConfigurationName = Release;
		};
		39B6A734279AF3F900F0DFE2 /* Build configuration list for PBXNativeTarget "HW14" */ = {
			isa = XCConfigurationList;
			buildConfigurations = (
				39B6A735279AF3F900F0DFE2 /* Debug */,
				39B6A736279AF3F900F0DFE2 /* Release */,
			);
			defaultConfigurationIsVisible = 0;
			defaultConfigurationName = Release;
		};
/* End XCConfigurationList section */
	};
	rootObject = 39B6A718279AF3F600F0DFE2 /* Project object */;
}
